
Microsoft Visual Studio Solution File, Format Version 12.00
# Visual Studio Version 17
VisualStudioVersion = 17.7.34221.43
MinimumVisualStudioVersion = 10.0.40219.1
Project("{9A19103F-16F7-4668-BE54-9A1E7A4F7556}") = "VRCImageHelper", "VRCImageHelper\VRCImageHelper.csproj", "{43DA10F4-65FC-4A80-9C57-C9DDBF06275C}"
EndProject
Project("{2150E333-8FDC-42A3-9474-1A3956D46DE8}") = "Solution Items", "Solution Items", "{66410D7E-CE32-457A-A268-604582B3CC19}"
	ProjectSection(SolutionItems) = preProject
		README.md = README.md
	EndProjectSection
EndProject
Project("{54435603-DBB4-11D2-8724-00A0C9A8B90C}") = "Setup", "Setup\Setup.vdproj", "{9E622229-6A8D-475A-9346-3B69E6B44FB8}"
EndProject
Global
	GlobalSection(SolutionConfigurationPlatforms) = preSolution
		Debug|Any CPU = Debug|Any CPU
		Release|Any CPU = Release|Any CPU
	EndGlobalSection
	GlobalSection(ProjectConfigurationPlatforms) = postSolution
		{43DA10F4-65FC-4A80-9C57-C9DDBF06275C}.Debug|Any CPU.ActiveCfg = Debug|Any CPU
		{43DA10F4-65FC-4A80-9C57-C9DDBF06275C}.Debug|Any CPU.Build.0 = Debug|Any CPU
		{43DA10F4-65FC-4A80-9C57-C9DDBF06275C}.Release|Any CPU.ActiveCfg = Release|Any CPU
		{43DA10F4-65FC-4A80-9C57-C9DDBF06275C}.Release|Any CPU.Build.0 = Release|Any CPU
		{9E622229-6A8D-475A-9346-3B69E6B44FB8}.Debug|Any CPU.ActiveCfg = Debug
		{9E622229-6A8D-475A-9346-3B69E6B44FB8}.Release|Any CPU.ActiveCfg = Release
	EndGlobalSection
	GlobalSection(SolutionProperties) = preSolution
		HideSolutionNode = FALSE
	EndGlobalSection
	GlobalSection(ExtensibilityGlobals) = postSolution
		SolutionGuid = {03066297-84E3-4D0D-B00A-A8852D151169}
	EndGlobalSection
EndGlobal
